
Microsoft Visual Studio Solution File, Format Version 12.00
# Visual Studio 2012
Project("{D954291E-2A0B-460D-934E-DC6B0785DB48}") = "CognitiveServicesApp", "CognitiveServicesApp\CognitiveServicesApp.shproj", "{910B9D30-3AF7-4F29-AA7B-62DF1D280466}"
EndProject
Project("{FAE04EC0-301F-11D3-BF4B-00C04F79EFBC}") = "CognitiveServicesApp.iOS", "iOS\CognitiveServicesApp.iOS.csproj", "{1E85E1B6-28D1-4BE4-9877-371208A4FE14}"
EndProject
Project("{FAE04EC0-301F-11D3-BF4B-00C04F79EFBC}") = "CognitiveServicesApp.Droid", "Droid\CognitiveServicesApp.Droid.csproj", "{15141E71-19FA-46A3-B88D-5401F44334F0}"
EndProject
Global
	GlobalSection(SolutionConfigurationPlatforms) = preSolution
		Debug|iPhoneSimulator = Debug|iPhoneSimulator
		Release|iPhone = Release|iPhone
		Release|iPhoneSimulator = Release|iPhoneSimulator
		Debug|iPhone = Debug|iPhone
		Debug|Any CPU = Debug|Any CPU
		Release|Any CPU = Release|Any CPU
	EndGlobalSection
	GlobalSection(ProjectConfigurationPlatforms) = postSolution
		{1E85E1B6-28D1-4BE4-9877-371208A4FE14}.Debug|iPhoneSimulator.ActiveCfg = Debug|iPhoneSimulator
		{1E85E1B6-28D1-4BE4-9877-371208A4FE14}.Debug|iPhoneSimulator.Build.0 = Debug|iPhoneSimulator
		{1E85E1B6-28D1-4BE4-9877-371208A4FE14}.Release|iPhone.ActiveCfg = Release|iPhone
		{1E85E1B6-28D1-4BE4-9877-371208A4FE14}.Release|iPhone.Build.0 = Release|iPhone
		{1E85E1B6-28D1-4BE4-9877-371208A4FE14}.Release|iPhoneSimulator.ActiveCfg = Release|iPhoneSimulator
		{1E85E1B6-28D1-4BE4-9877-371208A4FE14}.Release|iPhoneSimulator.Build.0 = Release|iPhoneSimulator
		{1E85E1B6-28D1-4BE4-9877-371208A4FE14}.Debug|iPhone.ActiveCfg = Debug|iPhone
		{1E85E1B6-28D1-4BE4-9877-371208A4FE14}.Debug|iPhone.Build.0 = Debug|iPhone
		{1E85E1B6-28D1-4BE4-9877-371208A4FE14}.Debug|Any CPU.ActiveCfg = Debug|iPhoneSimulator
		{1E85E1B6-28D1-4BE4-9877-371208A4FE14}.Debug|Any CPU.Build.0 = Debug|iPhoneSimulator
		{1E85E1B6-28D1-4BE4-9877-371208A4FE14}.Release|Any CPU.ActiveCfg = Release|iPhone
		{1E85E1B6-28D1-4BE4-9877-371208A4FE14}.Release|Any CPU.Build.0 = Release|iPhone
		{15141E71-19FA-46A3-B88D-5401F44334F0}.Debug|iPhoneSimulator.ActiveCfg = Debug|Any CPU
		{15141E71-19FA-46A3-B88D-5401F44334F0}.Debug|iPhoneSimulator.Build.0 = Debug|Any CPU
		{15141E71-19FA-46A3-B88D-5401F44334F0}.Release|iPhone.ActiveCfg = Release|Any CPU
		{15141E71-19FA-46A3-B88D-5401F44334F0}.Release|iPhone.Build.0 = Release|Any CPU
		{15141E71-19FA-46A3-B88D-5401F44334F0}.Release|iPhoneSimulator.ActiveCfg = Release|Any CPU
		{15141E71-19FA-46A3-B88D-5401F44334F0}.Release|iPhoneSimulator.Build.0 = Release|Any CPU
		{15141E71-19FA-46A3-B88D-5401F44334F0}.Debug|iPhone.ActiveCfg = Debug|Any CPU
		{15141E71-19FA-46A3-B88D-5401F44334F0}.Debug|iPhone.Build.0 = Debug|Any CPU
		{15141E71-19FA-46A3-B88D-5401F44334F0}.Debug|Any CPU.ActiveCfg = Debug|Any CPU
		{15141E71-19FA-46A3-B88D-5401F44334F0}.Debug|Any CPU.Build.0 = Debug|Any CPU
		{15141E71-19FA-46A3-B88D-5401F44334F0}.Release|Any CPU.ActiveCfg = Release|Any CPU
		{15141E71-19FA-46A3-B88D-5401F44334F0}.Release|Any CPU.Build.0 = Release|Any CPU
	EndGlobalSection
EndGlobal
